<?xml version="1.0" encoding="utf-8"?>
<Project ToolsVersion="4.0" xmlns="http://schemas.microsoft.com/developer/msbuild/2003">
  <ItemGroup>
    <Filter Include="소스 파일">
      <UniqueIdentifier>{4FC737F1-C7A5-4376-A066-2A32D752A2FF}</UniqueIdentifier>
      <Extensions>cpp;c;cc;cxx;c++;cppm;ixx;def;odl;idl;hpj;bat;asm;asmx</Extensions>
    </Filter>
    <Filter Include="헤더 파일">
      <UniqueIdentifier>{93995380-89BD-4b04-88EB-625FBE52EBFB}</UniqueIdentifier>
      <Extensions>h;hh;hpp;hxx;h++;hm;inl;inc;ipp;xsd</Extensions>
    </Filter>
    <Filter Include="리소스 파일">
      <UniqueIdentifier>{67DA6AB6-F800-4c08-8B7A-83BB121AAD01}</UniqueIdentifier>
      <Extensions>rc;ico;cur;bmp;dlg;rc2;rct;bin;rgs;gif;jpg;jpeg;jpe;resx;tiff;tif;png;wav;mfcribbon-ms</Extensions>
    </Filter>
  </ItemGroup>
  <ItemGroup>
    <ClCompile Include="Source.cpp">
      <Filter>소스 파일</Filter>
    </ClCompile>
    <ClCompile Include="Class Cpp\Weapon.cpp">
      <Filter>소스 파일</Filter>
    </ClCompile>
    <ClCompile Include="Class Cpp\IPhone.cpp">
      <Filter>소스 파일</Filter>
    </ClCompile>
    <ClCompile Include="Class Cpp\Computer.cpp">
      <Filter>소스 파일</Filter>
    </ClCompile>
    <ClCompile Include="Class Cpp\Mouse.cpp">
      <Filter>소스 파일</Filter>
    </ClCompile>
    <ClCompile Include="Class Cpp\Keyboard.cpp">
      <Filter>소스 파일</Filter>
    </ClCompile>
    <ClCompile Include="Class Cpp\Device.cpp">
      <Filter>소스 파일</Filter>
    </ClCompile>
    <ClCompile Include="Class Cpp\Vector3.cpp">
      <Filter>소스 파일</Filter>
    </ClCompile>
    <ClCompile Include="Class Cpp\Sword.cpp">
      <Filter>소스 파일</Filter>
    </ClCompile>
    <ClCompile Include="Class Cpp\Unit.cpp">
      <Filter>소스 파일</Filter>
    </ClCompile>
    <ClCompile Include="Class Cpp\Marine.cpp">
      <Filter>소스 파일</Filter>
    </ClCompile>
    <ClCompile Include="Class Cpp\Ghost.cpp">
      <Filter>소스 파일</Filter>
    </ClCompile>
    <ClCompile Include="Class Cpp\Item.cpp">
      <Filter>소스 파일</Filter>
    </ClCompile>
  </ItemGroup>
  <ItemGroup>
    <ClInclude Include="Class Header\Header.h">
      <Filter>헤더 파일</Filter>
    </ClInclude>
    <ClInclude Include="(2023.6.13)이름공간.h">
      <Filter>헤더 파일</Filter>
    </ClInclude>
    <ClInclude Include="(2023.6.14)클래스.h">
      <Filter>헤더 파일</Filter>
    </ClInclude>
    <ClInclude Include="Class Header\Weapon.h">
      <Filter>헤더 파일</Filter>
    </ClInclude>
    <ClInclude Include="(2023.6.15)생성자와소멸자.h">
      <Filter>헤더 파일</Filter>
    </ClInclude>
    <ClInclude Include="Class Header\DataFile.h">
      <Filter>헤더 파일</Filter>
    </ClInclude>
    <ClInclude Include="Class Header\stdafx.h">
      <Filter>헤더 파일</Filter>
    </ClInclude>
    <ClInclude Include="(2023.6.17)얕은깊은복사.h">
      <Filter>헤더 파일</Filter>
    </ClInclude>
    <ClInclude Include="Class Header\IPhone.h">
      <Filter>헤더 파일</Filter>
    </ClInclude>
    <ClInclude Include="(2023.6.19)상속.h">
      <Filter>헤더 파일</Filter>
    </ClInclude>
    <ClInclude Include="Class Header\Computer.h">
      <Filter>헤더 파일</Filter>
    </ClInclude>
    <ClInclude Include="Class Header\Mouse.h">
      <Filter>헤더 파일</Filter>
    </ClInclude>
    <ClInclude Include="Class Header\Keyboard.h">
      <Filter>헤더 파일</Filter>
    </ClInclude>
    <ClInclude Include="Class Header\Device.h">
      <Filter>헤더 파일</Filter>
    </ClInclude>
    <ClInclude Include="(2023.6.20)다중상속.h">
      <Filter>헤더 파일</Filter>
    </ClInclude>
    <ClInclude Include="Class Header\Vector3.h">
      <Filter>헤더 파일</Filter>
    </ClInclude>
    <ClInclude Include="(2023.6.21)함수의오버로딩.h">
      <Filter>헤더 파일</Filter>
    </ClInclude>
    <ClInclude Include="Class Header\Sword.h">
      <Filter>헤더 파일</Filter>
    </ClInclude>
    <ClInclude Include="(2023.6.22)가상함수.h">
      <Filter>헤더 파일</Filter>
    </ClInclude>
    <ClInclude Include="Class Header\Unit.h">
      <Filter>헤더 파일</Filter>
    </ClInclude>
    <ClInclude Include="Class Header\Marine.h">
      <Filter>헤더 파일</Filter>
    </ClInclude>
    <ClInclude Include="(2023.6.23)순수가상함수.h">
      <Filter>헤더 파일</Filter>
    </ClInclude>
    <ClInclude Include="Class Header\Ghost.h">
      <Filter>헤더 파일</Filter>
    </ClInclude>
    <ClInclude Include="(2023.6.26)업캐스팅.h">
      <Filter>헤더 파일</Filter>
    </ClInclude>
    <ClInclude Include="Class Header\Item.h">
      <Filter>헤더 파일</Filter>
    </ClInclude>
    <ClInclude Include="(2023.6.27)스마트포인터.h">
      <Filter>헤더 파일</Filter>
    </ClInclude>
  </ItemGroup>
</Project>